// !$*UTF8*$!
{
	archiveVersion = 1;
	classes = {
	};
	objectVersion = 50;
	objects = {

/* Begin PBXBuildFile section */
		DDD88F4622418B790020261C /* AppDelegate.swift in Sources */ = {isa = PBXBuildFile; fileRef = DDD88F4522418B790020261C /* AppDelegate.swift */; };
		DDD88F4822418B790020261C /* ViewController.swift in Sources */ = {isa = PBXBuildFile; fileRef = DDD88F4722418B790020261C /* ViewController.swift */; };
		DDD88F4B22418B790020261C /* Main.storyboard in Resources */ = {isa = PBXBuildFile; fileRef = DDD88F4922418B790020261C /* Main.storyboard */; };
		DDD88F4E22418B790020261C /* BikeCatalog.xcdatamodeld in Sources */ = {isa = PBXBuildFile; fileRef = DDD88F4C22418B790020261C /* BikeCatalog.xcdatamodeld */; };
		DDD88F5022418B7A0020261C /* Assets.xcassets in Resources */ = {isa = PBXBuildFile; fileRef = DDD88F4F22418B7A0020261C /* Assets.xcassets */; };
		DDD88F5322418B7A0020261C /* LaunchScreen.storyboard in Resources */ = {isa = PBXBuildFile; fileRef = DDD88F5122418B7A0020261C /* LaunchScreen.storyboard */; };
/* End PBXBuildFile section */

/* Begin PBXFileReference section */
		DDD88F4222418B790020261C /* BikeCatalog.app */ = {isa = PBXFileReference; explicitFileType = wrapper.application; includeInIndex = 0; path = BikeCatalog.app; sourceTree = BUILT_PRODUCTS_DIR; };
		DDD88F4522418B790020261C /* AppDelegate.swift */ = {isa = PBXFileReference; lastKnownFileType = sourcecode.swift; path = AppDelegate.swift; sourceTree = "<group>"; };
		DDD88F4722418B790020261C /* ViewController.swift */ = {isa = PBXFileReference; lastKnownFileType = sourcecode.swift; path = ViewController.swift; sourceTree = "<group>"; };
		DDD88F4A22418B790020261C /* Base */ = {isa = PBXFileReference; lastKnownFileType = file.storyboard; name = Base; path = Base.lproj/Main.storyboard; sourceTree = "<group>"; };
		DDD88F4D22418B790020261C /* BikeCatalog.xcdatamodel */ = {isa = PBXFileReference; lastKnownFileType = wrapper.xcdatamodel; path = BikeCatalog.xcdatamodel; sourceTree = "<group>"; };
		DDD88F4F22418B7A0020261C /* Assets.xcassets */ = {isa = PBXFileReference; lastKnownFileType = folder.assetcatalog; path = Assets.xcassets; sourceTree = "<group>"; };
		DDD88F5222418B7A0020261C /* Base */ = {isa = PBXFileReference; lastKnownFileType = file.storyboard; name = Base; path = Base.lproj/LaunchScreen.storyboard; sourceTree = "<group>"; };
		DDD88F5422418B7A0020261C /* Info.plist */ = {isa = PBXFileReference; lastKnownFileType = text.plist.xml; path = Info.plist; sourceTree = "<group>"; };
/* End PBXFileReference section */

/* Begin PBXFrameworksBuildPhase section */
		DDD88F3F22418B780020261C /* Frameworks */ = {
			isa = PBXFrameworksBuildPhase;
			buildActionMask = 2147483647;
			files = (
			);
			runOnlyForDeploymentPostprocessing = 0;
		};
/* End PBXFrameworksBuildPhase section */

/* Begin PBXGroup section */
		DDD88F3922418B780020261C = {
			isa = PBXGroup;
			children = (
				DDD88F4422418B790020261C /* BikeCatalog */,
				DDD88F4322418B790020261C /* Products */,
			);
			sourceTree = "<group>";
		};
		DDD88F4322418B790020261C /* Products */ = {
			isa = PBXGroup;
			children = (
				DDD88F4222418B790020261C /* BikeCatalog.app */,
			);
			name = Products;
			sourceTree = "<group>";
		};
		DDD88F4422418B790020261C /* BikeCatalog */ = {
			isa = PBXGroup;
			children = (
				DDD88F4522418B790020261C /* AppDelegate.swift */,
				DDD88F4722418B790020261C /* ViewController.swift */,
				DDD88F4922418B790020261C /* Main.storyboard */,
				DDD88F4F22418B7A0020261C /* Assets.xcassets */,
				DDD88F5122418B7A0020261C /* LaunchScreen.storyboard */,
				DDD88F5422418B7A0020261C /* Info.plist */,
				DDD88F4C22418B790020261C /* BikeCatalog.xcdatamodeld */,
			);
			path = BikeCatalog;
			sourceTree = "<group>";
		};
/* End PBXGroup section */

/* Begin PBXNativeTarget section */
		DDD88F4122418B780020261C /* BikeCatalog */ = {
			isa = PBXNativeTarget;
			buildConfigurationList = DDD88F5722418B7A0020261C /* Build configuration list for PBXNativeTarget "BikeCatalog" */;
			buildPhases = (
				DDD88F3E22418B780020261C /* Sources */,
				DDD88F3F22418B780020261C /* Frameworks */,
				DDD88F4022418B780020261C /* Resources */,
			);
			buildRules = (
			);
			dependencies = (
			);
			name = BikeCatalog;
			productName = BikeCatalog;
			productReference = DDD88F4222418B790020261C /* BikeCatalog.app */;
			productType = "com.apple.product-type.application";
		};
/* End PBXNativeTarget section */

/* Begin PBXProject section */
		DDD88F3A22418B780020261C /* Project object */ = {
			isa = PBXProject;
			attributes = {
				LastSwiftUpdateCheck = 1010;
				LastUpgradeCheck = 1010;
				ORGANIZATIONNAME = "Никита Кудряков";
				TargetAttributes = {
					DDD88F4122418B780020261C = {
						CreatedOnToolsVersion = 10.1;
					};
				};
			};
			buildConfigurationList = DDD88F3D22418B780020261C /* Build configuration list for PBXProject "BikeCatalog" */;
			compatibilityVersion = "Xcode 9.3";
			developmentRegion = en;
			hasScannedForEncodings = 0;
			knownRegions = (
				en,
				Base,
			);
			mainGroup = DDD88F3922418B780020261C;
			productRefGroup = DDD88F4322418B790020261C /* Products */;
			projectDirPath = "";
			projectRoot = "";
			targets = (
				DDD88F4122418B780020261C /* BikeCatalog */,
			);
		};
/* End PBXProject section */

/* Begin PBXResourcesBuildPhase section */
		DDD88F4022418B780020261C /* Resources */ = {
			isa = PBXResourcesBuildPhase;
			buildActionMask = 2147483647;
			files = (
				DDD88F5322418B7A0020261C /* LaunchScreen.storyboard in Resources */,
				DDD88F5022418B7A0020261C /* Assets.xcassets in Resources */,
				DDD88F4B22418B790020261C /* Main.storyboard in Resources */,
			);
			runOnlyForDeploymentPostprocessing = 0;
		};
/* End PBXResourcesBuildPhase section */

/* Begin PBXSourcesBuildPhase section */
		DDD88F3E22418B780020261C /* Sources */ = {
			isa = PBXSourcesBuildPhase;
			buildActionMask = 2147483647;
			files = (
				DDD88F4822418B790020261C /* ViewController.swift in Sources */,
				DDD88F4E22418B790020261C /* BikeCatalog.xcdatamodeld in Sources */,
				DDD88F4622418B790020261C /* AppDelegate.swift in Sources */,
			);
			runOnlyForDeploymentPostprocessing = 0;
		};
/* End PBXSourcesBuildPhase section */

/* Begin PBXVariantGroup section */
		DDD88F4922418B790020261C /* Main.storyboard */ = {
			isa = PBXVariantGroup;
			children = (
				DDD88F4A22418B790020261C /* Base */,
			);
			name = Main.storyboard;
			sourceTree = "<group>";
		};
		DDD88F5122418B7A0020261C /* LaunchScreen.storyboard */ = {
			isa = PBXVariantGroup;
			children = (
				DDD88F5222418B7A0020261C /* Base */,
			);
			name = LaunchScreen.storyboard;
			sourceTree = "<group>";
		};
/* End PBXVariantGroup section */

/* Begin XCBuildConfiguration section */
		DDD88F5522418B7A0020261C /* Debug */ = {
			isa = XCBuildConfiguration;
			buildSettings = {
				ALWAYS_SEARCH_USER_PATHS = NO;
				CLANG_ANALYZER_NONNULL = YES;
				CLANG_ANALYZER_NUMBER_OBJECT_CONVERSION = YES_AGGRESSIVE;
				CLANG_CXX_LANGUAGE_STANDARD = "gnu++14";
				CLANG_CXX_LIBRARY = "libc++";
				CLANG_ENABLE_MODULES = YES;
				CLANG_ENABLE_OBJC_ARC = YES;
				CLANG_ENABLE_OBJC_WEAK = YES;
				CLANG_WARN_BLOCK_CAPTURE_AUTORELEASING = YES;
				CLANG_WARN_BOOL_CONVERSION = YES;
				CLANG_WARN_COMMA = YES;
				CLANG_WARN_CONSTANT_CONVERSION = YES;
				CLANG_WARN_DEPRECATED_OBJC_IMPLEMENTATIONS = YES;
				CLANG_WARN_DIRECT_OBJC_ISA_USAGE = YES_ERROR;
				CLANG_WARN_DOCUMENTATION_COMMENTS = YES;
				CLANG_WARN_EMPTY_BODY = YES;
				CLANG_WARN_ENUM_CONVERSION = YES;
				CLANG_WARN_INFINITE_RECURSION = YES;
				CLANG_WARN_INT_CONVERSION = YES;
				CLANG_WARN_NON_LITERAL_NULL_CONVERSION = YES;
				CLANG_WARN_OBJC_IMPLICIT_RETAIN_SELF = YES;
				CLANG_WARN_OBJC_LITERAL_CONVERSION = YES;
				CLANG_WARN_OBJC_ROOT_CLASS = YES_ERROR;
				CLANG_WARN_RANGE_LOOP_ANALYSIS = YES;
				CLANG_WARN_STRICT_PROTOTYPES = YES;
				CLANG_WARN_SUSPICIOUS_MOVE = YES;
				CLANG_WARN_UNGUARDED_AVAILABILITY = YES_AGGRESSIVE;
				CLANG_WARN_UNREACHABLE_CODE = YES;
				CLANG_WARN__DUPLICATE_METHOD_MATCH = YES;
				CODE_SIGN_IDENTITY = "iPhone Developer";
				COPY_PHASE_STRIP = NO;
				DEBUG_INFORMATION_FORMAT = dwarf;
				ENABLE_STRICT_OBJC_MSGSEND = YES;
				ENABLE_TESTABILITY = YES;
				GCC_C_LANGUAGE_STANDARD = gnu11;
				GCC_DYNAMIC_NO_PIC = NO;
				GCC_NO_COMMON_BLOCKS = YES;
				GCC_OPTIMIZATION_LEVEL = 0;
				GCC_PREPROCESSOR_DEFINITIONS = (
					"DEBUG=1",
					"$(inherited)",
				);
				GCC_WARN_64_TO_32_BIT_CONVERSION = YES;
				GCC_WARN_ABOUT_RETURN_TYPE = YES_ERROR;
				GCC_WARN_UNDECLARED_SELECTOR = YES;
				GCC_WARN_UNINITIALIZED_AUTOS = YES_AGGRESSIVE;
				GCC_WARN_UNUSED_FUNCTION = YES;
				GCC_WARN_UNUSED_VARIABLE = YES;
				IPHONEOS_DEPLOYMENT_TARGET = 12.1;
				MTL_ENABLE_DEBUG_INFO = INCLUDE_SOURCE;
				MTL_FAST_MATH = YES;
				ONLY_ACTIVE_ARCH = YES;
				SDKROOT = iphoneos;
				SWIFT_ACTIVE_COMPILATION_CONDITIONS = DEBUG;
				SWIFT_OPTIMIZATION_LEVEL = "-Onone";
			};
			name = Debug;
		};
		DDD88F5622418B7A0020261C /* Release */ = {
			isa = XCBuildConfiguration;
			buildSettings = {
				ALWAYS_SEARCH_USER_PATHS = NO;
				CLANG_ANALYZER_NONNULL = YES;
				CLANG_ANALYZER_NUMBER_OBJECT_CONVERSION = YES_AGGRESSIVE;
				CLANG_CXX_LANGUAGE_STANDARD = "gnu++14";
				CLANG_CXX_LIBRARY = "libc++";
				CLANG_ENABLE_MODULES = YES;
				CLANG_ENABLE_OBJC_ARC = YES;
				CLANG_ENABLE_OBJC_WEAK = YES;
				CLANG_WARN_BLOCK_CAPTURE_AUTORELEASING = YES;
				CLANG_WARN_BOOL_CONVERSION = YES;
				CLANG_WARN_COMMA = YES;
				CLANG_WARN_CONSTANT_CONVERSION = YES;
				CLANG_WARN_DEPRECATED_OBJC_IMPLEMENTATIONS = YES;
				CLANG_WARN_DIRECT_OBJC_ISA_USAGE = YES_ERROR;
				CLANG_WARN_DOCUMENTATION_COMMENTS = YES;
				CLANG_WARN_EMPTY_BODY = YES;
				CLANG_WARN_ENUM_CONVERSION = YES;
				CLANG_WARN_INFINITE_RECURSION = YES;
				CLANG_WARN_INT_CONVERSION = YES;
				CLANG_WARN_NON_LITERAL_NULL_CONVERSION = YES;
				CLANG_WARN_OBJC_IMPLICIT_RETAIN_SELF = YES;
				CLANG_WARN_OBJC_LITERAL_CONVERSION = YES;
				CLANG_WARN_OBJC_ROOT_CLASS = YES_ERROR;
				CLANG_WARN_RANGE_LOOP_ANALYSIS = YES;
				CLANG_WARN_STRICT_PROTOTYPES = YES;
				CLANG_WARN_SUSPICIOUS_MOVE = YES;
				CLANG_WARN_UNGUARDED_AVAILABILITY = YES_AGGRESSIVE;
				CLANG_WARN_UNREACHABLE_CODE = YES;
				CLANG_WARN__DUPLICATE_METHOD_MATCH = YES;
				CODE_SIGN_IDENTITY = "iPhone Developer";
				COPY_PHASE_STRIP = NO;
				DEBUG_INFORMATION_FORMAT = "dwarf-with-dsym";
				ENABLE_NS_ASSERTIONS = NO;
				ENABLE_STRICT_OBJC_MSGSEND = YES;
				GCC_C_LANGUAGE_STANDARD = gnu11;
				GCC_NO_COMMON_BLOCKS = YES;
				GCC_WARN_64_TO_32_BIT_CONVERSION = YES;
				GCC_WARN_ABOUT_RETURN_TYPE = YES_ERROR;
				GCC_WARN_UNDECLARED_SELECTOR = YES;
				GCC_WARN_UNINITIALIZED_AUTOS = YES_AGGRESSIVE;
				GCC_WARN_UNUSED_FUNCTION = YES;
				GCC_WARN_UNUSED_VARIABLE = YES;
				IPHONEOS_DEPLOYMENT_TARGET = 12.1;
				MTL_ENABLE_DEBUG_INFO = NO;
				MTL_FAST_MATH = YES;
				SDKROOT = iphoneos;
				SWIFT_COMPILATION_MODE = wholemodule;
				SWIFT_OPTIMIZATION_LEVEL = "-O";
				VALIDATE_PRODUCT = YES;
			};
			name = Release;
		};
		DDD88F5822418B7A0020261C /* Debug */ = {
			isa = XCBuildConfiguration;
			buildSettings = {
				ASSETCATALOG_COMPILER_APPICON_NAME = AppIcon;
				CODE_SIGN_STYLE = Automatic;
				DEVELOPMENT_TEAM = SMJDH4AP96;
				INFOPLIST_FILE = BikeCatalog/Info.plist;
				LD_RUNPATH_SEARCH_PATHS = (
					"$(inherited)",
					"@executable_path/Frameworks",
				);
				PRODUCT_BUNDLE_IDENTIFIER = NK95.BikeCatalog;
				PRODUCT_NAME = "$(TARGET_NAME)";
				SWIFT_VERSION = 4.2;
				TARGETED_DEVICE_FAMILY = "1,2";
			};
			name = Debug;
		};
		DDD88F5922418B7A0020261C /* Release */ = {
			isa = XCBuildConfiguration;
			buildSettings = {
				ASSETCATALOG_COMPILER_APPICON_NAME = AppIcon;
				CODE_SIGN_STYLE = Automatic;
				DEVELOPMENT_TEAM = SMJDH4AP96;
				INFOPLIST_FILE = BikeCatalog/Info.plist;
				LD_RUNPATH_SEARCH_PATHS = (
					"$(inherited)",
					"@executable_path/Frameworks",
				);
				PRODUCT_BUNDLE_IDENTIFIER = NK95.BikeCatalog;
				PRODUCT_NAME = "$(TARGET_NAME)";
				SWIFT_VERSION = 4.2;
				TARGETED_DEVICE_FAMILY = "1,2";
			};
			name = Release;
		};
/* End XCBuildConfiguration section */

/* Begin XCConfigurationList section */
		DDD88F3D22418B780020261C /* Build configuration list for PBXProject "BikeCatalog" */ = {
			isa = XCConfigurationList;
			buildConfigurations = (
				DDD88F5522418B7A0020261C /* Debug */,
				DDD88F5622418B7A0020261C /* Release */,
			);
			defaultConfigurationIsVisible = 0;
			defaultConfigurationName = Release;
		};
		DDD88F5722418B7A0020261C /* Build configuration list for PBXNativeTarget "BikeCatalog" */ = {
			isa = XCConfigurationList;
			buildConfigurations = (
				DDD88F5822418B7A0020261C /* Debug */,
				DDD88F5922418B7A0020261C /* Release */,
			);
			defaultConfigurationIsVisible = 0;
			defaultConfigurationName = Release;
		};
/* End XCConfigurationList section */

/* Begin XCVersionGroup section */
		DDD88F4C22418B790020261C /* BikeCatalog.xcdatamodeld */ = {
			isa = XCVersionGroup;
			children = (
				DDD88F4D22418B790020261C /* BikeCatalog.xcdatamodel */,
			);
			currentVersion = DDD88F4D22418B790020261C /* BikeCatalog.xcdatamodel */;
			path = BikeCatalog.xcdatamodeld;
			sourceTree = "<group>";
			versionGroupType = wrapper.xcdatamodel;
		};
/* End XCVersionGroup section */
	};
	rootObject = DDD88F3A22418B780020261C /* Project object */;
}
